
Microsoft Visual Studio Solution File, Format Version 12.00
# Visual Studio Version 16
VisualStudioVersion = 16.0.31402.337
MinimumVisualStudioVersion = 10.0.40219.1
Project("{9A19103F-16F7-4668-BE54-9A1E7A4F7556}") = "AtmDynamicTerminalListWorker", "AtmDynamicTerminalListWorker.csproj", "{FB5A03D1-2D2B-4937-9DEA-E0486DAB3737}"
EndProject
Global
	GlobalSection(SolutionConfigurationPlatforms) = preSolution
		Debug|Any CPU = Debug|Any CPU
		Release|Any CPU = Release|Any CPU
	EndGlobalSection
	GlobalSection(ProjectConfigurationPlatforms) = postSolution
		{FB5A03D1-2D2B-4937-9DEA-E0486DAB3737}.Debug|Any CPU.ActiveCfg = Debug|Any CPU
		{FB5A03D1-2D2B-4937-9DEA-E0486DAB3737}.Debug|Any CPU.Build.0 = Debug|Any CPU
		{FB5A03D1-2D2B-4937-9DEA-E0486DAB3737}.Release|Any CPU.ActiveCfg = Release|Any CPU
		{FB5A03D1-2D2B-4937-9DEA-E0486DAB3737}.Release|Any CPU.Build.0 = Release|Any CPU
	EndGlobalSection
	GlobalSection(SolutionProperties) = preSolution
		HideSolutionNode = FALSE
	EndGlobalSection
	GlobalSection(ExtensibilityGlobals) = postSolution
		SolutionGuid = {E3CA8375-447B-4350-A004-5837123AE375}
	EndGlobalSection
EndGlobal
